<?xml version="1.0" encoding="UTF-8"?>
<CONFIG>
  <ProjectOptions>
    <Version Value="11"/>
    <PathDelim Value="\"/>
    <General>
      <SessionStorage Value="InProjectDir"/>
      <MainUnit Value="0"/>
      <Title Value="Noso"/>
      <Scaled Value="True"/>
      <UseAppBundle Value="False"/>
      <ResourceType Value="res"/>
      <UseXPManifest Value="True"/>
      <XPManifest>
        <DpiAware Value="True"/>
      </XPManifest>
      <Icon Value="0"/>
      <Resources Count="7">
        <Resource_0 FileName="languages\Noso.en.po" Type="RCDATA" ResourceName="NOSO.EN"/>
        <Resource_1 FileName="languages\Noso.es.po" Type="RCDATA" ResourceName="NOSO.ES"/>
        <Resource_2 FileName="languages\Noso.pt.po" Type="RCDATA" ResourceName="NOSO.PT"/>
        <Resource_3 FileName="languages\Noso.de.po" Type="RCDATA" ResourceName="NOSO.DE"/>
        <Resource_4 FileName="languages/Noso.zh.po" Type="RCDATA" ResourceName="NOSO.ZH"/>
        <Resource_5 FileName="languages\Noso.ro.po" Type="RCDATA" ResourceName="NOSO.RO"/>
        <Resource_6 FileName="languages\Noso.id.po" Type="RCDATA" ResourceName="NOSO.ID"/>
      </Resources>
    </General>
    <i18n>
      <EnableI18N Value="True"/>
      <OutDir Value="languages"/>
    </i18n>
    <BuildModes Count="3">
      <Item1 Name="Default" Default="True"/>
      <Item2 Name="Debug">
        <CompilerOptions>
          <Version Value="11"/>
          <PathDelim Value="\"/>
          <Target>
            <Filename Value="Noso"/>
          </Target>
          <SearchPaths>
            <IncludeFiles Value="$(ProjOutDir)"/>
            <UnitOutputDirectory Value="lib\$(TargetCPU)-$(TargetOS)"/>
          </SearchPaths>
          <Parsing>
            <SyntaxOptions>
              <IncludeAssertionCode Value="True"/>
            </SyntaxOptions>
          </Parsing>
          <CodeGeneration>
            <Checks>
              <IOChecks Value="True"/>
              <RangeChecks Value="True"/>
              <OverflowChecks Value="True"/>
              <StackChecks Value="True"/>
            </Checks>
            <VerifyObjMethodCallValidity Value="True"/>
            <SmallerCode Value="True"/>
          </CodeGeneration>
          <Linking>
            <Debugging>
              <DebugInfoType Value="dsDwarf2Set"/>
              <UseHeaptrc Value="True"/>
              <TrashVariables Value="True"/>
              <UseExternalDbgSyms Value="True"/>
            </Debugging>
            <Options>
              <Win32>
                <GraphicApplication Value="True"/>
              </Win32>
            </Options>
          </Linking>
        </CompilerOptions>
      </Item2>
      <Item3 Name="Release">
        <CompilerOptions>
          <Version Value="11"/>
          <PathDelim Value="\"/>
          <Target>
            <Filename Value="Noso"/>
          </Target>
          <SearchPaths>
            <IncludeFiles Value="$(ProjOutDir)"/>
            <UnitOutputDirectory Value="lib\$(TargetCPU)-$(TargetOS)"/>
          </SearchPaths>
          <CodeGeneration>
            <SmartLinkUnit Value="True"/>
            <Optimizations>
              <OptimizationLevel Value="3"/>
            </Optimizations>
            <SmallerCode Value="True"/>
          </CodeGeneration>
          <Linking>
            <Debugging>
              <GenerateDebugInfo Value="False"/>
            </Debugging>
            <LinkSmart Value="True"/>
            <Options>
              <Win32>
                <GraphicApplication Value="True"/>
              </Win32>
            </Options>
          </Linking>
        </CompilerOptions>
      </Item3>
    </BuildModes>
    <PublishOptions>
      <Version Value="2"/>
      <DestinationDirectory Value="C:\Users\Pedro\Desktop\Proyectos lazarus\Kreditz\Publicar"/>
      <CompressFinally Value="False"/>
      <UseFileFilters Value="True"/>
    </PublishOptions>
    <RunParams>
      <FormatVersion Value="2"/>
      <Modes Count="0"/>
    </RunParams>
    <RequiredPackages Count="7">
      <Item1>
        <PackageName Value="indylaz"/>
      </Item1>
      <Item2>
        <PackageName Value="lazbarcodes"/>
      </Item2>
      <Item3>
        <PackageName Value="dcpcrypt"/>
      </Item3>
      <Item4>
        <PackageName Value="CryptoLib4PascalPackage"/>
      </Item4>
      <Item5>
        <PackageName Value="SimpleBaseLib4PascalPackage"/>
      </Item5>
      <Item6>
        <PackageName Value="HashLib4PascalPackage"/>
      </Item6>
      <Item7>
        <PackageName Value="LCL"/>
      </Item7>
    </RequiredPackages>
    <Units Count="18">
      <Unit0>
        <Filename Value="Noso.lpr"/>
        <IsPartOfProject Value="True"/>
      </Unit0>
      <Unit1>
        <Filename Value="masterpaskalform.pas"/>
        <IsPartOfProject Value="True"/>
        <ComponentName Value="Form1"/>
        <HasResources Value="True"/>
        <ResourceBaseClass Value="Form"/>
        <UnitName Value="MasterPaskalForm"/>
      </Unit1>
      <Unit2>
        <Filename Value="mpgui.pas"/>
        <IsPartOfProject Value="True"/>
        <UnitName Value="mpGUI"/>
      </Unit2>
      <Unit3>
        <Filename Value="mpdisk.pas"/>
        <IsPartOfProject Value="True"/>
      </Unit3>
      <Unit4>
        <Filename Value="mpparser.pas"/>
        <IsPartOfProject Value="True"/>
        <UnitName Value="mpParser"/>
      </Unit4>
      <Unit5>
        <Filename Value="mpred.pas"/>
        <IsPartOfProject Value="True"/>
        <UnitName Value="mpRed"/>
      </Unit5>
      <Unit6>
        <Filename Value="mptime.pas"/>
        <IsPartOfProject Value="True"/>
        <UnitName Value="mpTime"/>
      </Unit6>
      <Unit7>
        <Filename Value="mpcripto.pas"/>
        <IsPartOfProject Value="True"/>
        <UnitName Value="mpCripto"/>
      </Unit7>
      <Unit8>
        <Filename Value="mpprotocol.pas"/>
        <IsPartOfProject Value="True"/>
        <UnitName Value="mpProtocol"/>
      </Unit8>
      <Unit9>
        <Filename Value="mpblock.pas"/>
        <IsPartOfProject Value="True"/>
        <UnitName Value="mpBlock"/>
      </Unit9>
      <Unit10>
        <Filename Value="mpminer.pas"/>
        <IsPartOfProject Value="True"/>
        <UnitName Value="mpMiner"/>
      </Unit10>
      <Unit11>
        <Filename Value="mplang.pas"/>
        <IsPartOfProject Value="True"/>
        <UnitName Value="mpLang"/>
      </Unit11>
      <Unit12>
        <Filename Value="mpcoin.pas"/>
        <IsPartOfProject Value="True"/>
        <UnitName Value="mpCoin"/>
      </Unit12>
      <Unit13>
        <Filename Value="mpsignerutils.pas"/>
        <IsPartOfProject Value="True"/>
        <UnitName Value="mpSignerUtils"/>
      </Unit13>
      <Unit14>
        <Filename Value="poolmanage.pas"/>
        <IsPartOfProject Value="True"/>
        <UnitName Value="PoolManage"/>
      </Unit14>
      <Unit15>
        <Filename Value="mprpc.pas"/>
        <IsPartOfProject Value="True"/>
        <UnitName Value="mpRPC"/>
      </Unit15>
      <Unit16>
        <Filename Value="translation.pas"/>
        <IsPartOfProject Value="True"/>
      </Unit16>
      <Unit17>
        <Filename Value="mpmn.pas"/>
        <IsPartOfProject Value="True"/>
        <UnitName Value="mpMN"/>
      </Unit17>
    </Units>
  </ProjectOptions>
  <CompilerOptions>
    <Version Value="11"/>
    <PathDelim Value="\"/>
    <Target>
      <Filename Value="Noso"/>
    </Target>
    <SearchPaths>
      <IncludeFiles Value="$(ProjOutDir)"/>
      <UnitOutputDirectory Value="lib\$(TargetCPU)-$(TargetOS)"/>
    </SearchPaths>
    <CodeGeneration>
      <SmallerCode Value="True"/>
    </CodeGeneration>
    <Linking>
      <Debugging>
        <GenerateDebugInfo Value="False"/>
      </Debugging>
      <Options>
        <Win32>
          <GraphicApplication Value="True"/>
        </Win32>
      </Options>
    </Linking>
  </CompilerOptions>
  <Debugging>
    <Exceptions Count="12">
      <Item1>
        <Name Value="EAbort"/>
      </Item1>
      <Item2>
        <Name Value="ECodetoolError"/>
      </Item2>
      <Item3>
        <Name Value="EFOpenError"/>
      </Item3>
      <Item4>
        <Name Value="EIdConnClosedGracefully"/>
      </Item4>
      <Item5>
        <Name Value="EIdClosedSocket"/>
      </Item5>
      <Item6>
        <Name Value="EIdNotConnected"/>
      </Item6>
      <Item7>
        <Name Value="EInOutError"/>
      </Item7>
      <Item8>
        <Name Value="RunError(2)"/>
      </Item8>
      <Item9>
        <Name Value="EIdNotASocket"/>
      </Item9>
      <Item10>
        <Name Value="EIdConnectTimeout"/>
      </Item10>
      <Item11>
        <Name Value="EIdSocketError"/>
      </Item11>
      <Item12>
        <Name Value="ESocketError"/>
      </Item12>
    </Exceptions>
  </Debugging>
</CONFIG>
